# THIS IS AN AUTOGENERATED FILE. DO NOT EDIT THIS FILE DIRECTLY.
# yarn lockfile v1


axios@^0.19.2:
  version "0.19.2"
  resolved "https://registry.yarnpkg.com/axios/-/axios-0.19.2.tgz#3ea36c5d8818d0d5f8a8a97a6d36b86cdc00cb27"
  integrity sha512-fjgm5MvRHLhx+osE2xoekY70AhARk3a6hkN+3Io1jc00jtquGvxYlKlsFUhmUET0V5te6CcZI7lcv2Ym61mjHA==
  dependencies:
    follow-redirects "1.5.10"

debug@=3.1.0:
  version "3.1.0"
  resolved "https://registry.yarnpkg.com/debug/-/debug-3.1.0.tgz#5bb5a0672628b64149566ba16819e61518c67261"
  integrity sha512-OX8XqP7/1a9cqkxYw2yXss15f26NKWBpDXQd0/uK/KPqdQhxbPa994hnzjcE2VqQpDslf55723cKPUOGSmMY3g==
  dependencies:
    ms "2.0.0"

follow-redirects@1.5.10:
  version "1.5.10"
  resolved "https://registry.yarnpkg.com/follow-redirects/-/follow-redirects-1.5.10.tgz#7b7a9f9aea2fdff36786a94ff643ed07f4ff5e2a"
  integrity sha512-0V5l4Cizzvqt5D44aTXbFZz+FtyXV1vrDN6qrelxtfYQKW0KO0W2T/hkE8xvGa/540LkZlkaUjO4ailYTFtHVQ==
  dependencies:
    debug "=3.1.0"

ms@2.0.0:
  version "2.0.0"
  resolved "https://registry.yarnpkg.com/ms/-/ms-2.0.0.tgz#5608aeadfc00be6c2901df5f9861788de0d597c8"
  integrity sha1-VgiurfwAvmwpAd9fmGF4jeDVl8g=

node-forge@0.9.0:
  version "0.9.0"
  resolved "https://registry.yarnpkg.com/node-forge/-/node-forge-0.9.0.tgz#d624050edbb44874adca12bb9a52ec63cb782579"
  integrity sha512-7ASaDa3pD+lJ3WvXFsxekJQelBKRpne+GOVbLbtHYdd7pFspyeuJHnWfLplGf3SwKGbfs/aYl5V/JCIaHVUKKQ==

selfsigned@^1.10.7:
  version "1.10.7"
  resolved "https://registry.yarnpkg.com/selfsigned/-/selfsigned-1.10.7.tgz#da5819fd049d5574f28e88a9bcc6dbc6e6f3906b"
  integrity sha512-8M3wBCzeWIJnQfl43IKwOmC4H/RAp50S8DF60znzjW5GVqTcSe2vWclt7hmYVPkKPlHWOu5EaWOMZ2Y6W8ZXTA==
  dependencies:
    node-forge "0.9.0"

tslib@^1.11.1:
  version "1.11.1"
  resolved "https://registry.yarnpkg.com/tslib/-/tslib-1.11.1.tgz#eb15d128827fbee2841549e171f45ed338ac7e35"
  integrity sha512-aZW88SY8kQbU7gpV19lN24LtXh/yD4ZZg6qieAJDDg+YBsJcSmLGK9QpnUjAKVG/xefmvJGd1WUmfpT/g6AJGA==
